
Microsoft Visual Studio Solution File, Format Version 12.00
# Visual Studio Version 17
VisualStudioVersion = 17.7.34024.191
MinimumVisualStudioVersion = 10.0.40219.1
Project("{FAE04EC0-301F-11D3-BF4B-00C04F79EFBC}") = "NWindMVC", "NWindMVC\NWindMVC.csproj", "{DE03E21C-AC4C-4E1F-A460-E00B95C95261}"
EndProject
Global
	GlobalSection(SolutionConfigurationPlatforms) = preSolution
		Debug|Any CPU = Debug|Any CPU
		Release|Any CPU = Release|Any CPU
	EndGlobalSection
	GlobalSection(ProjectConfigurationPlatforms) = postSolution
		{DE03E21C-AC4C-4E1F-A460-E00B95C95261}.Debug|Any CPU.ActiveCfg = Debug|Any CPU
		{DE03E21C-AC4C-4E1F-A460-E00B95C95261}.Debug|Any CPU.Build.0 = Debug|Any CPU
		{DE03E21C-AC4C-4E1F-A460-E00B95C95261}.Release|Any CPU.ActiveCfg = Release|Any CPU
		{DE03E21C-AC4C-4E1F-A460-E00B95C95261}.Release|Any CPU.Build.0 = Release|Any CPU
	EndGlobalSection
	GlobalSection(SolutionProperties) = preSolution
		HideSolutionNode = FALSE
	EndGlobalSection
	GlobalSection(ExtensibilityGlobals) = postSolution
		SolutionGuid = {303457DF-6BE2-4787-8AAF-7BD3A103525B}
	EndGlobalSection
EndGlobal
